
Microsoft Visual Studio Solution File, Format Version 12.00
# Visual Studio Version 16
VisualStudioVersion = 16.0.30406.217
MinimumVisualStudioVersion = 10.0.40219.1
Project("{9A19103F-16F7-4668-BE54-9A1E7A4F7556}") = "P01_BinarySearch", "P01_BinarySearch\P01_BinarySearch.csproj", "{307D3B0E-CB0A-4BB7-BFE7-8DEDAD09E13D}"
EndProject
Project("{9A19103F-16F7-4668-BE54-9A1E7A4F7556}") = "P02_SelectionSort", "P02_SelectionSort\P02_SelectionSort.csproj", "{EA2D119F-3AEB-4F74-9985-7938E1018032}"
EndProject
Project("{9A19103F-16F7-4668-BE54-9A1E7A4F7556}") = "P03_BubbleSort", "P03_BubbleSort\P03_BubbleSort.csproj", "{D15709D3-7CDB-4224-84BF-77B7618AE238}"
EndProject
Project("{9A19103F-16F7-4668-BE54-9A1E7A4F7556}") = "P04_InsertionSort", "P04_InsertionSort\P04_InsertionSort.csproj", "{E061250D-A86D-42F2-8378-563569A58902}"
EndProject
Project("{9A19103F-16F7-4668-BE54-9A1E7A4F7556}") = "P05_Quicksort", "P05_Quicksort\P05_Quicksort.csproj", "{657E7146-AA72-45A5-86DF-6257B83D8C23}"
EndProject
Project("{9A19103F-16F7-4668-BE54-9A1E7A4F7556}") = "P06_Mergesort", "P06_Mergesort\P06_Mergesort.csproj", "{97E06FB9-43CE-46B4-A47B-9F1CD473CCFC}"
EndProject
Project("{9A19103F-16F7-4668-BE54-9A1E7A4F7556}") = "P07_SumOfCoins", "P07_SumOfCoins\P07_SumOfCoins.csproj", "{69D7F97D-9C00-478D-8281-3FD3C798750B}"
EndProject
Project("{FAE04EC0-301F-11D3-BF4B-00C04F79EFBC}") = "P08_SetCover", "P08_SetCover\P08_SetCover.csproj", "{551DD64B-873F-4B58-8E4D-2672C90F9F48}"
EndProject
Global
	GlobalSection(SolutionConfigurationPlatforms) = preSolution
		Debug|Any CPU = Debug|Any CPU
		Release|Any CPU = Release|Any CPU
	EndGlobalSection
	GlobalSection(ProjectConfigurationPlatforms) = postSolution
		{307D3B0E-CB0A-4BB7-BFE7-8DEDAD09E13D}.Debug|Any CPU.ActiveCfg = Debug|Any CPU
		{307D3B0E-CB0A-4BB7-BFE7-8DEDAD09E13D}.Debug|Any CPU.Build.0 = Debug|Any CPU
		{307D3B0E-CB0A-4BB7-BFE7-8DEDAD09E13D}.Release|Any CPU.ActiveCfg = Release|Any CPU
		{307D3B0E-CB0A-4BB7-BFE7-8DEDAD09E13D}.Release|Any CPU.Build.0 = Release|Any CPU
		{EA2D119F-3AEB-4F74-9985-7938E1018032}.Debug|Any CPU.ActiveCfg = Debug|Any CPU
		{EA2D119F-3AEB-4F74-9985-7938E1018032}.Debug|Any CPU.Build.0 = Debug|Any CPU
		{EA2D119F-3AEB-4F74-9985-7938E1018032}.Release|Any CPU.ActiveCfg = Release|Any CPU
		{EA2D119F-3AEB-4F74-9985-7938E1018032}.Release|Any CPU.Build.0 = Release|Any CPU
		{D15709D3-7CDB-4224-84BF-77B7618AE238}.Debug|Any CPU.ActiveCfg = Debug|Any CPU
		{D15709D3-7CDB-4224-84BF-77B7618AE238}.Debug|Any CPU.Build.0 = Debug|Any CPU
		{D15709D3-7CDB-4224-84BF-77B7618AE238}.Release|Any CPU.ActiveCfg = Release|Any CPU
		{D15709D3-7CDB-4224-84BF-77B7618AE238}.Release|Any CPU.Build.0 = Release|Any CPU
		{E061250D-A86D-42F2-8378-563569A58902}.Debug|Any CPU.ActiveCfg = Debug|Any CPU
		{E061250D-A86D-42F2-8378-563569A58902}.Debug|Any CPU.Build.0 = Debug|Any CPU
		{E061250D-A86D-42F2-8378-563569A58902}.Release|Any CPU.ActiveCfg = Release|Any CPU
		{E061250D-A86D-42F2-8378-563569A58902}.Release|Any CPU.Build.0 = Release|Any CPU
		{657E7146-AA72-45A5-86DF-6257B83D8C23}.Debug|Any CPU.ActiveCfg = Debug|Any CPU
		{657E7146-AA72-45A5-86DF-6257B83D8C23}.Debug|Any CPU.Build.0 = Debug|Any CPU
		{657E7146-AA72-45A5-86DF-6257B83D8C23}.Release|Any CPU.ActiveCfg = Release|Any CPU
		{657E7146-AA72-45A5-86DF-6257B83D8C23}.Release|Any CPU.Build.0 = Release|Any CPU
		{97E06FB9-43CE-46B4-A47B-9F1CD473CCFC}.Debug|Any CPU.ActiveCfg = Debug|Any CPU
		{97E06FB9-43CE-46B4-A47B-9F1CD473CCFC}.Debug|Any CPU.Build.0 = Debug|Any CPU
		{97E06FB9-43CE-46B4-A47B-9F1CD473CCFC}.Release|Any CPU.ActiveCfg = Release|Any CPU
		{97E06FB9-43CE-46B4-A47B-9F1CD473CCFC}.Release|Any CPU.Build.0 = Release|Any CPU
		{69D7F97D-9C00-478D-8281-3FD3C798750B}.Debug|Any CPU.ActiveCfg = Debug|Any CPU
		{69D7F97D-9C00-478D-8281-3FD3C798750B}.Debug|Any CPU.Build.0 = Debug|Any CPU
		{69D7F97D-9C00-478D-8281-3FD3C798750B}.Release|Any CPU.ActiveCfg = Release|Any CPU
		{69D7F97D-9C00-478D-8281-3FD3C798750B}.Release|Any CPU.Build.0 = Release|Any CPU
		{551DD64B-873F-4B58-8E4D-2672C90F9F48}.Debug|Any CPU.ActiveCfg = Debug|Any CPU
		{551DD64B-873F-4B58-8E4D-2672C90F9F48}.Debug|Any CPU.Build.0 = Debug|Any CPU
		{551DD64B-873F-4B58-8E4D-2672C90F9F48}.Release|Any CPU.ActiveCfg = Release|Any CPU
		{551DD64B-873F-4B58-8E4D-2672C90F9F48}.Release|Any CPU.Build.0 = Release|Any CPU
	EndGlobalSection
	GlobalSection(SolutionProperties) = preSolution
		HideSolutionNode = FALSE
	EndGlobalSection
	GlobalSection(ExtensibilityGlobals) = postSolution
		SolutionGuid = {53EDBDAA-06F5-4837-A873-4C6C5CC636CB}
	EndGlobalSection
EndGlobal
