
Microsoft Visual Studio Solution File, Format Version 12.00
# Visual Studio Version 16
VisualStudioVersion = 16.0.30907.101
MinimumVisualStudioVersion = 10.0.40219.1
Project("{9A19103F-16F7-4668-BE54-9A1E7A4F7556}") = "P01_ElectricalSubstationNetwork", "P01_ElectricalSubstationNetwork\P01_ElectricalSubstationNetwork.csproj", "{0AA809D3-25AE-4A44-9557-5856BA09D496}"
EndProject
Project("{9A19103F-16F7-4668-BE54-9A1E7A4F7556}") = "P02_MaximumTasksAssignment", "P02_MaximumTasksAssignment\P02_MaximumTasksAssignment.csproj", "{4363C0B4-5D04-48EF-B780-A4448CB4EA12}"
EndProject
Project("{FAE04EC0-301F-11D3-BF4B-00C04F79EFBC}") = "P03_FindBi-ConnectedComponents", "P03_FindBi-ConnectedComponents\P03_FindBi-ConnectedComponents.csproj", "{2AFD09BF-7B72-43B9-AE6C-3B3747E27D8B}"
EndProject
Global
	GlobalSection(SolutionConfigurationPlatforms) = preSolution
		Debug|Any CPU = Debug|Any CPU
		Release|Any CPU = Release|Any CPU
	EndGlobalSection
	GlobalSection(ProjectConfigurationPlatforms) = postSolution
		{0AA809D3-25AE-4A44-9557-5856BA09D496}.Debug|Any CPU.ActiveCfg = Debug|Any CPU
		{0AA809D3-25AE-4A44-9557-5856BA09D496}.Debug|Any CPU.Build.0 = Debug|Any CPU
		{0AA809D3-25AE-4A44-9557-5856BA09D496}.Release|Any CPU.ActiveCfg = Release|Any CPU
		{0AA809D3-25AE-4A44-9557-5856BA09D496}.Release|Any CPU.Build.0 = Release|Any CPU
		{4363C0B4-5D04-48EF-B780-A4448CB4EA12}.Debug|Any CPU.ActiveCfg = Debug|Any CPU
		{4363C0B4-5D04-48EF-B780-A4448CB4EA12}.Debug|Any CPU.Build.0 = Debug|Any CPU
		{4363C0B4-5D04-48EF-B780-A4448CB4EA12}.Release|Any CPU.ActiveCfg = Release|Any CPU
		{4363C0B4-5D04-48EF-B780-A4448CB4EA12}.Release|Any CPU.Build.0 = Release|Any CPU
		{2AFD09BF-7B72-43B9-AE6C-3B3747E27D8B}.Debug|Any CPU.ActiveCfg = Debug|Any CPU
		{2AFD09BF-7B72-43B9-AE6C-3B3747E27D8B}.Debug|Any CPU.Build.0 = Debug|Any CPU
		{2AFD09BF-7B72-43B9-AE6C-3B3747E27D8B}.Release|Any CPU.ActiveCfg = Release|Any CPU
		{2AFD09BF-7B72-43B9-AE6C-3B3747E27D8B}.Release|Any CPU.Build.0 = Release|Any CPU
	EndGlobalSection
	GlobalSection(SolutionProperties) = preSolution
		HideSolutionNode = FALSE
	EndGlobalSection
	GlobalSection(ExtensibilityGlobals) = postSolution
		SolutionGuid = {6B752ACB-D4FA-4131-8692-AA84E84E0F17}
	EndGlobalSection
EndGlobal
