
Microsoft Visual Studio Solution File, Format Version 12.00
# Visual Studio Version 16
VisualStudioVersion = 16.0.30907.101
MinimumVisualStudioVersion = 10.0.40219.1
Project("{FAE04EC0-301F-11D3-BF4B-00C04F79EFBC}") = "P01_Bellman-Ford", "P01_Bellman-Ford\P01_Bellman-Ford.csproj", "{0E9FE99D-6313-4DA5-BCD1-A3385B28E378}"
EndProject
Project("{FAE04EC0-301F-11D3-BF4B-00C04F79EFBC}") = "P02_LongestPath", "P02_LongestPath\P02_LongestPath.csproj", "{BDE726CE-E0F8-4FEF-B08C-0C574A1A6EB7}"
EndProject
Global
	GlobalSection(SolutionConfigurationPlatforms) = preSolution
		Debug|Any CPU = Debug|Any CPU
		Release|Any CPU = Release|Any CPU
	EndGlobalSection
	GlobalSection(ProjectConfigurationPlatforms) = postSolution
		{0E9FE99D-6313-4DA5-BCD1-A3385B28E378}.Debug|Any CPU.ActiveCfg = Debug|Any CPU
		{0E9FE99D-6313-4DA5-BCD1-A3385B28E378}.Debug|Any CPU.Build.0 = Debug|Any CPU
		{0E9FE99D-6313-4DA5-BCD1-A3385B28E378}.Release|Any CPU.ActiveCfg = Release|Any CPU
		{0E9FE99D-6313-4DA5-BCD1-A3385B28E378}.Release|Any CPU.Build.0 = Release|Any CPU
		{BDE726CE-E0F8-4FEF-B08C-0C574A1A6EB7}.Debug|Any CPU.ActiveCfg = Debug|Any CPU
		{BDE726CE-E0F8-4FEF-B08C-0C574A1A6EB7}.Debug|Any CPU.Build.0 = Debug|Any CPU
		{BDE726CE-E0F8-4FEF-B08C-0C574A1A6EB7}.Release|Any CPU.ActiveCfg = Release|Any CPU
		{BDE726CE-E0F8-4FEF-B08C-0C574A1A6EB7}.Release|Any CPU.Build.0 = Release|Any CPU
	EndGlobalSection
	GlobalSection(SolutionProperties) = preSolution
		HideSolutionNode = FALSE
	EndGlobalSection
	GlobalSection(ExtensibilityGlobals) = postSolution
		SolutionGuid = {E1FFD269-2DD9-4AD8-B699-888EBD9DFB52}
	EndGlobalSection
EndGlobal
