
Microsoft Visual Studio Solution File, Format Version 12.00
# Visual Studio Version 16
VisualStudioVersion = 16.0.30907.101
MinimumVisualStudioVersion = 10.0.40219.1
Project("{FAE04EC0-301F-11D3-BF4B-00C04F79EFBC}") = "SIS.HTTP", "SIS.HTTP\SIS.HTTP.csproj", "{441026C7-0B72-40A0-BB39-8C147800E81A}"
EndProject
Project("{FAE04EC0-301F-11D3-BF4B-00C04F79EFBC}") = "DemoApp", "DemoApp\DemoApp.csproj", "{2877F6AD-CD53-4613-944B-AEB14E429C8D}"
EndProject
Project("{FAE04EC0-301F-11D3-BF4B-00C04F79EFBC}") = "SIS.MvcFramework", "SIS.MvcFramework\SIS.MvcFramework.csproj", "{62838A90-8F25-4BAD-9CAA-F99695D94BC1}"
EndProject
Global
	GlobalSection(SolutionConfigurationPlatforms) = preSolution
		Debug|Any CPU = Debug|Any CPU
		Release|Any CPU = Release|Any CPU
	EndGlobalSection
	GlobalSection(ProjectConfigurationPlatforms) = postSolution
		{441026C7-0B72-40A0-BB39-8C147800E81A}.Debug|Any CPU.ActiveCfg = Debug|Any CPU
		{441026C7-0B72-40A0-BB39-8C147800E81A}.Debug|Any CPU.Build.0 = Debug|Any CPU
		{441026C7-0B72-40A0-BB39-8C147800E81A}.Release|Any CPU.ActiveCfg = Release|Any CPU
		{441026C7-0B72-40A0-BB39-8C147800E81A}.Release|Any CPU.Build.0 = Release|Any CPU
		{2877F6AD-CD53-4613-944B-AEB14E429C8D}.Debug|Any CPU.ActiveCfg = Debug|Any CPU
		{2877F6AD-CD53-4613-944B-AEB14E429C8D}.Debug|Any CPU.Build.0 = Debug|Any CPU
		{2877F6AD-CD53-4613-944B-AEB14E429C8D}.Release|Any CPU.ActiveCfg = Release|Any CPU
		{2877F6AD-CD53-4613-944B-AEB14E429C8D}.Release|Any CPU.Build.0 = Release|Any CPU
		{62838A90-8F25-4BAD-9CAA-F99695D94BC1}.Debug|Any CPU.ActiveCfg = Debug|Any CPU
		{62838A90-8F25-4BAD-9CAA-F99695D94BC1}.Debug|Any CPU.Build.0 = Debug|Any CPU
		{62838A90-8F25-4BAD-9CAA-F99695D94BC1}.Release|Any CPU.ActiveCfg = Release|Any CPU
		{62838A90-8F25-4BAD-9CAA-F99695D94BC1}.Release|Any CPU.Build.0 = Release|Any CPU
	EndGlobalSection
	GlobalSection(SolutionProperties) = preSolution
		HideSolutionNode = FALSE
	EndGlobalSection
	GlobalSection(ExtensibilityGlobals) = postSolution
		SolutionGuid = {B05D8D6A-E712-40CD-AE55-BF79370B5E57}
	EndGlobalSection
EndGlobal
