
Microsoft Visual Studio Solution File, Format Version 12.00
# Visual Studio Version 16
VisualStudioVersion = 16.0.30907.101
MinimumVisualStudioVersion = 10.0.40219.1
Project("{FAE04EC0-301F-11D3-BF4B-00C04F79EFBC}") = "P01_StronglyConnectedComponents(SCC)", "P01_StronglyConnectedComponents(SCC)\P01_StronglyConnectedComponents(SCC).csproj", "{80D5126D-A2C1-49D6-808F-CF7972769501}"
EndProject
Project("{FAE04EC0-301F-11D3-BF4B-00C04F79EFBC}") = "P02_MaxFlowalgorithm_Edmonds-Karp", "P02_MaxFlowalgorithm_Edmonds-Karp\P02_MaxFlowalgorithm_Edmonds-Karp.csproj", "{828EC6E9-CC69-479D-AE8E-BEC26FF77394}"
EndProject
Project("{FAE04EC0-301F-11D3-BF4B-00C04F79EFBC}") = "P03_ArticulationPoints", "P03_ArticulationPoints\P03_ArticulationPoints.csproj", "{9A946B52-1E73-4C23-9251-ADCC0D969338}"
EndProject
Global
	GlobalSection(SolutionConfigurationPlatforms) = preSolution
		Debug|Any CPU = Debug|Any CPU
		Release|Any CPU = Release|Any CPU
	EndGlobalSection
	GlobalSection(ProjectConfigurationPlatforms) = postSolution
		{80D5126D-A2C1-49D6-808F-CF7972769501}.Debug|Any CPU.ActiveCfg = Debug|Any CPU
		{80D5126D-A2C1-49D6-808F-CF7972769501}.Debug|Any CPU.Build.0 = Debug|Any CPU
		{80D5126D-A2C1-49D6-808F-CF7972769501}.Release|Any CPU.ActiveCfg = Release|Any CPU
		{80D5126D-A2C1-49D6-808F-CF7972769501}.Release|Any CPU.Build.0 = Release|Any CPU
		{828EC6E9-CC69-479D-AE8E-BEC26FF77394}.Debug|Any CPU.ActiveCfg = Debug|Any CPU
		{828EC6E9-CC69-479D-AE8E-BEC26FF77394}.Debug|Any CPU.Build.0 = Debug|Any CPU
		{828EC6E9-CC69-479D-AE8E-BEC26FF77394}.Release|Any CPU.ActiveCfg = Release|Any CPU
		{828EC6E9-CC69-479D-AE8E-BEC26FF77394}.Release|Any CPU.Build.0 = Release|Any CPU
		{9A946B52-1E73-4C23-9251-ADCC0D969338}.Debug|Any CPU.ActiveCfg = Debug|Any CPU
		{9A946B52-1E73-4C23-9251-ADCC0D969338}.Debug|Any CPU.Build.0 = Debug|Any CPU
		{9A946B52-1E73-4C23-9251-ADCC0D969338}.Release|Any CPU.ActiveCfg = Release|Any CPU
		{9A946B52-1E73-4C23-9251-ADCC0D969338}.Release|Any CPU.Build.0 = Release|Any CPU
	EndGlobalSection
	GlobalSection(SolutionProperties) = preSolution
		HideSolutionNode = FALSE
	EndGlobalSection
	GlobalSection(ExtensibilityGlobals) = postSolution
		SolutionGuid = {4BDBDE4F-0332-4F64-91D2-C2C810C9FD00}
	EndGlobalSection
EndGlobal
