
Microsoft Visual Studio Solution File, Format Version 12.00
# Visual Studio Version 16
VisualStudioVersion = 16.0.30907.101
MinimumVisualStudioVersion = 10.0.40219.1
Project("{9A19103F-16F7-4668-BE54-9A1E7A4F7556}") = "P02_VillainNames", "P02_VillainNames\P02_VillainNames.csproj", "{D77F5046-94E2-4501-9580-FC681D006639}"
EndProject
Project("{9A19103F-16F7-4668-BE54-9A1E7A4F7556}") = "P03_MinionNames", "P03_MinionNames\P03_MinionNames.csproj", "{0BEB28C0-4891-402E-9C15-FE841021626E}"
EndProject
Project("{FAE04EC0-301F-11D3-BF4B-00C04F79EFBC}") = "P04_Add Minion", "P04_Add Minion\P04_Add Minion.csproj", "{E2C36AC9-3937-4639-ABCF-400CE5E0CB5B}"
EndProject
Global
	GlobalSection(SolutionConfigurationPlatforms) = preSolution
		Debug|Any CPU = Debug|Any CPU
		Release|Any CPU = Release|Any CPU
	EndGlobalSection
	GlobalSection(ProjectConfigurationPlatforms) = postSolution
		{D77F5046-94E2-4501-9580-FC681D006639}.Debug|Any CPU.ActiveCfg = Debug|Any CPU
		{D77F5046-94E2-4501-9580-FC681D006639}.Debug|Any CPU.Build.0 = Debug|Any CPU
		{D77F5046-94E2-4501-9580-FC681D006639}.Release|Any CPU.ActiveCfg = Release|Any CPU
		{D77F5046-94E2-4501-9580-FC681D006639}.Release|Any CPU.Build.0 = Release|Any CPU
		{0BEB28C0-4891-402E-9C15-FE841021626E}.Debug|Any CPU.ActiveCfg = Debug|Any CPU
		{0BEB28C0-4891-402E-9C15-FE841021626E}.Debug|Any CPU.Build.0 = Debug|Any CPU
		{0BEB28C0-4891-402E-9C15-FE841021626E}.Release|Any CPU.ActiveCfg = Release|Any CPU
		{0BEB28C0-4891-402E-9C15-FE841021626E}.Release|Any CPU.Build.0 = Release|Any CPU
		{E2C36AC9-3937-4639-ABCF-400CE5E0CB5B}.Debug|Any CPU.ActiveCfg = Debug|Any CPU
		{E2C36AC9-3937-4639-ABCF-400CE5E0CB5B}.Debug|Any CPU.Build.0 = Debug|Any CPU
		{E2C36AC9-3937-4639-ABCF-400CE5E0CB5B}.Release|Any CPU.ActiveCfg = Release|Any CPU
		{E2C36AC9-3937-4639-ABCF-400CE5E0CB5B}.Release|Any CPU.Build.0 = Release|Any CPU
	EndGlobalSection
	GlobalSection(SolutionProperties) = preSolution
		HideSolutionNode = FALSE
	EndGlobalSection
	GlobalSection(ExtensibilityGlobals) = postSolution
		SolutionGuid = {3E071DD4-6DE8-47B4-9626-F3FB6B9E022A}
	EndGlobalSection
EndGlobal
