
Microsoft Visual Studio Solution File, Format Version 12.00
# Visual Studio Version 16
VisualStudioVersion = 16.0.30406.217
MinimumVisualStudioVersion = 10.0.40219.1
Project("{FAE04EC0-301F-11D3-BF4B-00C04F79EFBC}") = "P01_PermutationsWithoutRepetitions", "P01_PermutationsWithoutRepetitions\P01_PermutationsWithoutRepetitions.csproj", "{C0D9190E-D414-4DE8-9D30-597F7D9F3120}"
EndProject
Project("{FAE04EC0-301F-11D3-BF4B-00C04F79EFBC}") = "P02_PermutationsWithRepetition", "P02_PermutationsWithRepetition\P02_PermutationsWithRepetition.csproj", "{F12AA4C8-4EA8-4D32-BF6C-F8761790EA00}"
EndProject
Project("{FAE04EC0-301F-11D3-BF4B-00C04F79EFBC}") = "P03_VariationsWithoutRepetitions", "P03_VariationsWithoutRepetitions\P03_VariationsWithoutRepetitions.csproj", "{F1D6BC47-08DF-47DC-B8D7-5772CB7181D4}"
EndProject
Project("{FAE04EC0-301F-11D3-BF4B-00C04F79EFBC}") = "P04_VariationsWithRepetition", "P04_VariationsWithRepetition\P04_VariationsWithRepetition.csproj", "{C26666A6-1A66-453C-8586-C80285CA2D3B}"
EndProject
Project("{FAE04EC0-301F-11D3-BF4B-00C04F79EFBC}") = "P05_CombinationsWithoutRepetition", "P05_CombinationsWithoutRepetition\P05_CombinationsWithoutRepetition.csproj", "{C86F7EED-E1A1-46F3-A3BC-A78F7F063F30}"
EndProject
Project("{FAE04EC0-301F-11D3-BF4B-00C04F79EFBC}") = "P06_CombinationWithRepetition", "P06_CombinationWithRepetition\P06_CombinationWithRepetition.csproj", "{FAD83CC7-34E9-4F1F-B171-D22559451663}"
EndProject
Project("{FAE04EC0-301F-11D3-BF4B-00C04F79EFBC}") = "P07_N_Choose_K_Count", "P07_N_Choose_K_Count\P07_N_Choose_K_Count.csproj", "{520BFECD-C1AC-4D15-A5BC-9F7956918561}"
EndProject
Global
	GlobalSection(SolutionConfigurationPlatforms) = preSolution
		Debug|Any CPU = Debug|Any CPU
		Release|Any CPU = Release|Any CPU
	EndGlobalSection
	GlobalSection(ProjectConfigurationPlatforms) = postSolution
		{C0D9190E-D414-4DE8-9D30-597F7D9F3120}.Debug|Any CPU.ActiveCfg = Debug|Any CPU
		{C0D9190E-D414-4DE8-9D30-597F7D9F3120}.Debug|Any CPU.Build.0 = Debug|Any CPU
		{C0D9190E-D414-4DE8-9D30-597F7D9F3120}.Release|Any CPU.ActiveCfg = Release|Any CPU
		{C0D9190E-D414-4DE8-9D30-597F7D9F3120}.Release|Any CPU.Build.0 = Release|Any CPU
		{F12AA4C8-4EA8-4D32-BF6C-F8761790EA00}.Debug|Any CPU.ActiveCfg = Debug|Any CPU
		{F12AA4C8-4EA8-4D32-BF6C-F8761790EA00}.Debug|Any CPU.Build.0 = Debug|Any CPU
		{F12AA4C8-4EA8-4D32-BF6C-F8761790EA00}.Release|Any CPU.ActiveCfg = Release|Any CPU
		{F12AA4C8-4EA8-4D32-BF6C-F8761790EA00}.Release|Any CPU.Build.0 = Release|Any CPU
		{F1D6BC47-08DF-47DC-B8D7-5772CB7181D4}.Debug|Any CPU.ActiveCfg = Debug|Any CPU
		{F1D6BC47-08DF-47DC-B8D7-5772CB7181D4}.Debug|Any CPU.Build.0 = Debug|Any CPU
		{F1D6BC47-08DF-47DC-B8D7-5772CB7181D4}.Release|Any CPU.ActiveCfg = Release|Any CPU
		{F1D6BC47-08DF-47DC-B8D7-5772CB7181D4}.Release|Any CPU.Build.0 = Release|Any CPU
		{C26666A6-1A66-453C-8586-C80285CA2D3B}.Debug|Any CPU.ActiveCfg = Debug|Any CPU
		{C26666A6-1A66-453C-8586-C80285CA2D3B}.Debug|Any CPU.Build.0 = Debug|Any CPU
		{C26666A6-1A66-453C-8586-C80285CA2D3B}.Release|Any CPU.ActiveCfg = Release|Any CPU
		{C26666A6-1A66-453C-8586-C80285CA2D3B}.Release|Any CPU.Build.0 = Release|Any CPU
		{C86F7EED-E1A1-46F3-A3BC-A78F7F063F30}.Debug|Any CPU.ActiveCfg = Debug|Any CPU
		{C86F7EED-E1A1-46F3-A3BC-A78F7F063F30}.Debug|Any CPU.Build.0 = Debug|Any CPU
		{C86F7EED-E1A1-46F3-A3BC-A78F7F063F30}.Release|Any CPU.ActiveCfg = Release|Any CPU
		{C86F7EED-E1A1-46F3-A3BC-A78F7F063F30}.Release|Any CPU.Build.0 = Release|Any CPU
		{FAD83CC7-34E9-4F1F-B171-D22559451663}.Debug|Any CPU.ActiveCfg = Debug|Any CPU
		{FAD83CC7-34E9-4F1F-B171-D22559451663}.Debug|Any CPU.Build.0 = Debug|Any CPU
		{FAD83CC7-34E9-4F1F-B171-D22559451663}.Release|Any CPU.ActiveCfg = Release|Any CPU
		{FAD83CC7-34E9-4F1F-B171-D22559451663}.Release|Any CPU.Build.0 = Release|Any CPU
		{520BFECD-C1AC-4D15-A5BC-9F7956918561}.Debug|Any CPU.ActiveCfg = Debug|Any CPU
		{520BFECD-C1AC-4D15-A5BC-9F7956918561}.Debug|Any CPU.Build.0 = Debug|Any CPU
		{520BFECD-C1AC-4D15-A5BC-9F7956918561}.Release|Any CPU.ActiveCfg = Release|Any CPU
		{520BFECD-C1AC-4D15-A5BC-9F7956918561}.Release|Any CPU.Build.0 = Release|Any CPU
	EndGlobalSection
	GlobalSection(SolutionProperties) = preSolution
		HideSolutionNode = FALSE
	EndGlobalSection
	GlobalSection(ExtensibilityGlobals) = postSolution
		SolutionGuid = {6F9241C6-B415-44F3-9292-4B29AF6F0FA9}
	EndGlobalSection
EndGlobal
