
Microsoft Visual Studio Solution File, Format Version 12.00
# Visual Studio Version 16
VisualStudioVersion = 16.0.30406.217
MinimumVisualStudioVersion = 10.0.40219.1
Project("{FAE04EC0-301F-11D3-BF4B-00C04F79EFBC}") = "P01_TBC", "P01_TBC\P01_TBC.csproj", "{ED4505AB-1696-42EA-9A56-ECB46C934B24}"
EndProject
Project("{FAE04EC0-301F-11D3-BF4B-00C04F79EFBC}") = "P02_Socks", "P02_Socks\P02_Socks.csproj", "{A8A78F2F-02B3-43B9-967C-D7A1FCE7A855}"
EndProject
Project("{FAE04EC0-301F-11D3-BF4B-00C04F79EFBC}") = "P03_PathFinder", "P03_PathFinder\P03_PathFinder.csproj", "{1B45251F-201D-4733-959A-C43A55B1505F}"
EndProject
Global
	GlobalSection(SolutionConfigurationPlatforms) = preSolution
		Debug|Any CPU = Debug|Any CPU
		Release|Any CPU = Release|Any CPU
	EndGlobalSection
	GlobalSection(ProjectConfigurationPlatforms) = postSolution
		{ED4505AB-1696-42EA-9A56-ECB46C934B24}.Debug|Any CPU.ActiveCfg = Debug|Any CPU
		{ED4505AB-1696-42EA-9A56-ECB46C934B24}.Debug|Any CPU.Build.0 = Debug|Any CPU
		{ED4505AB-1696-42EA-9A56-ECB46C934B24}.Release|Any CPU.ActiveCfg = Release|Any CPU
		{ED4505AB-1696-42EA-9A56-ECB46C934B24}.Release|Any CPU.Build.0 = Release|Any CPU
		{A8A78F2F-02B3-43B9-967C-D7A1FCE7A855}.Debug|Any CPU.ActiveCfg = Debug|Any CPU
		{A8A78F2F-02B3-43B9-967C-D7A1FCE7A855}.Debug|Any CPU.Build.0 = Debug|Any CPU
		{A8A78F2F-02B3-43B9-967C-D7A1FCE7A855}.Release|Any CPU.ActiveCfg = Release|Any CPU
		{A8A78F2F-02B3-43B9-967C-D7A1FCE7A855}.Release|Any CPU.Build.0 = Release|Any CPU
		{1B45251F-201D-4733-959A-C43A55B1505F}.Debug|Any CPU.ActiveCfg = Debug|Any CPU
		{1B45251F-201D-4733-959A-C43A55B1505F}.Debug|Any CPU.Build.0 = Debug|Any CPU
		{1B45251F-201D-4733-959A-C43A55B1505F}.Release|Any CPU.ActiveCfg = Release|Any CPU
		{1B45251F-201D-4733-959A-C43A55B1505F}.Release|Any CPU.Build.0 = Release|Any CPU
	EndGlobalSection
	GlobalSection(SolutionProperties) = preSolution
		HideSolutionNode = FALSE
	EndGlobalSection
	GlobalSection(ExtensibilityGlobals) = postSolution
		SolutionGuid = {5A8F3A46-F36C-4644-A436-A62E2293DE9D}
	EndGlobalSection
EndGlobal
