
Microsoft Visual Studio Solution File, Format Version 12.00
# Visual Studio Version 16
VisualStudioVersion = 16.0.30907.101
MinimumVisualStudioVersion = 10.0.40219.1
Project("{FAE04EC0-301F-11D3-BF4B-00C04F79EFBC}") = "SumSearch", "SumSearch\SumSearch.csproj", "{1913F2D9-65B6-467D-AE23-3DA5980891CE}"
EndProject
Global
	GlobalSection(SolutionConfigurationPlatforms) = preSolution
		Debug|Any CPU = Debug|Any CPU
		Release|Any CPU = Release|Any CPU
	EndGlobalSection
	GlobalSection(ProjectConfigurationPlatforms) = postSolution
		{1913F2D9-65B6-467D-AE23-3DA5980891CE}.Debug|Any CPU.ActiveCfg = Debug|Any CPU
		{1913F2D9-65B6-467D-AE23-3DA5980891CE}.Debug|Any CPU.Build.0 = Debug|Any CPU
		{1913F2D9-65B6-467D-AE23-3DA5980891CE}.Release|Any CPU.ActiveCfg = Release|Any CPU
		{1913F2D9-65B6-467D-AE23-3DA5980891CE}.Release|Any CPU.Build.0 = Release|Any CPU
	EndGlobalSection
	GlobalSection(SolutionProperties) = preSolution
		HideSolutionNode = FALSE
	EndGlobalSection
	GlobalSection(ExtensibilityGlobals) = postSolution
		SolutionGuid = {9C3965D4-37A7-480C-B468-F4F10108BD61}
	EndGlobalSection
EndGlobal
